
Microsoft Visual Studio Solution File, Format Version 12.00
# Visual Studio Version 17
VisualStudioVersion = 17.5.33516.290
MinimumVisualStudioVersion = 10.0.40219.1
Project("{8BC9CEB8-8B4A-11D0-8D11-00A0C91BC942}") = "TeamProject", "TeamProject\TeamProject.vcxproj", "{09FE1D39-0032-44F3-9B67-531A0F53DCC8}"
EndProject
Project("{8BC9CEB8-8B4A-11D0-8D11-00A0C91BC942}") = "join", "join\join.vcxproj", "{BF646684-E2EB-43E3-B8F2-74B268AEEC36}"
EndProject
Project("{8BC9CEB8-8B4A-11D0-8D11-00A0C91BC942}") = "client1", "client1\client1.vcxproj", "{9590221B-6A17-4680-B172-675AED2144AB}"
EndProject
Global
	GlobalSection(SolutionConfigurationPlatforms) = preSolution
		Debug|x64 = Debug|x64
		Debug|x86 = Debug|x86
		Release|x64 = Release|x64
		Release|x86 = Release|x86
	EndGlobalSection
	GlobalSection(ProjectConfigurationPlatforms) = postSolution
		{09FE1D39-0032-44F3-9B67-531A0F53DCC8}.Debug|x64.ActiveCfg = Debug|x64
		{09FE1D39-0032-44F3-9B67-531A0F53DCC8}.Debug|x64.Build.0 = Debug|x64
		{09FE1D39-0032-44F3-9B67-531A0F53DCC8}.Debug|x86.ActiveCfg = Debug|Win32
		{09FE1D39-0032-44F3-9B67-531A0F53DCC8}.Debug|x86.Build.0 = Debug|Win32
		{09FE1D39-0032-44F3-9B67-531A0F53DCC8}.Release|x64.ActiveCfg = Release|x64
		{09FE1D39-0032-44F3-9B67-531A0F53DCC8}.Release|x64.Build.0 = Release|x64
		{09FE1D39-0032-44F3-9B67-531A0F53DCC8}.Release|x86.ActiveCfg = Release|Win32
		{09FE1D39-0032-44F3-9B67-531A0F53DCC8}.Release|x86.Build.0 = Release|Win32
		{BF646684-E2EB-43E3-B8F2-74B268AEEC36}.Debug|x64.ActiveCfg = Debug|x64
		{BF646684-E2EB-43E3-B8F2-74B268AEEC36}.Debug|x64.Build.0 = Debug|x64
		{BF646684-E2EB-43E3-B8F2-74B268AEEC36}.Debug|x86.ActiveCfg = Debug|Win32
		{BF646684-E2EB-43E3-B8F2-74B268AEEC36}.Debug|x86.Build.0 = Debug|Win32
		{BF646684-E2EB-43E3-B8F2-74B268AEEC36}.Release|x64.ActiveCfg = Release|x64
		{BF646684-E2EB-43E3-B8F2-74B268AEEC36}.Release|x64.Build.0 = Release|x64
		{BF646684-E2EB-43E3-B8F2-74B268AEEC36}.Release|x86.ActiveCfg = Release|Win32
		{BF646684-E2EB-43E3-B8F2-74B268AEEC36}.Release|x86.Build.0 = Release|Win32
		{9590221B-6A17-4680-B172-675AED2144AB}.Debug|x64.ActiveCfg = Debug|x64
		{9590221B-6A17-4680-B172-675AED2144AB}.Debug|x64.Build.0 = Debug|x64
		{9590221B-6A17-4680-B172-675AED2144AB}.Debug|x86.ActiveCfg = Debug|Win32
		{9590221B-6A17-4680-B172-675AED2144AB}.Debug|x86.Build.0 = Debug|Win32
		{9590221B-6A17-4680-B172-675AED2144AB}.Release|x64.ActiveCfg = Release|x64
		{9590221B-6A17-4680-B172-675AED2144AB}.Release|x64.Build.0 = Release|x64
		{9590221B-6A17-4680-B172-675AED2144AB}.Release|x86.ActiveCfg = Release|Win32
		{9590221B-6A17-4680-B172-675AED2144AB}.Release|x86.Build.0 = Release|Win32
	EndGlobalSection
	GlobalSection(SolutionProperties) = preSolution
		HideSolutionNode = FALSE
	EndGlobalSection
	GlobalSection(ExtensibilityGlobals) = postSolution
		SolutionGuid = {FAE0D7FE-7DCF-414E-B2DD-3A17075CBB23}
	EndGlobalSection
EndGlobal
